Microsoft Visual Studio Solution File, Format Version 8.00
Project("{8BC9CEB8-8B4A-11D0-8D11-00A0C91BC942}") = "SimplePanel", "SimplePanel.vcproj", "{F3586FD2-B86C-46C4-B2BC-1DED36B19349}"
	ProjectSection(ProjectDependencies) = postProject
	EndProjectSection
EndProject
Global
	GlobalSection(SolutionConfiguration) = preSolution
		Debug = Debug
		Debug Unicode = Debug Unicode
		Release = Release
		Release Unicode = Release Unicode
	EndGlobalSection
	GlobalSection(ProjectConfiguration) = postSolution
		{F3586FD2-B86C-46C4-B2BC-1DED36B19349}.Debug.ActiveCfg = Debug|Win32
		{F3586FD2-B86C-46C4-B2BC-1DED36B19349}.Debug.Build.0 = Debug|Win32
		{F3586FD2-B86C-46C4-B2BC-1DED36B19349}.Debug Unicode.ActiveCfg = Debug Unicode|Win32
		{F3586FD2-B86C-46C4-B2BC-1DED36B19349}.Debug Unicode.Build.0 = Debug Unicode|Win32
		{F3586FD2-B86C-46C4-B2BC-1DED36B19349}.Release.ActiveCfg = Release|Win32
		{F3586FD2-B86C-46C4-B2BC-1DED36B19349}.Release.Build.0 = Release|Win32
		{F3586FD2-B86C-46C4-B2BC-1DED36B19349}.Release Unicode.ActiveCfg = Release Unicode|Win32
		{F3586FD2-B86C-46C4-B2BC-1DED36B19349}.Release Unicode.Build.0 = Release Unicode|Win32
	EndGlobalSection
	GlobalSection(ExtensibilityGlobals) = postSolution
	EndGlobalSection
	GlobalSection(ExtensibilityAddIns) = postSolution
	EndGlobalSection
EndGlobal
