
Microsoft Visual Studio Solution File, Format Version 10.00
# Visual Studio 2008
Project("{8BC9CEB8-8B4A-11D0-8D11-00A0C91BC942}") = "SpiraTestCompletePlugIn", "SpiraTestCompletePlugIn\SpiraTestCompletePlugIn.vcproj", "{193B617D-7044-4029-BF1F-4C84B9EFDA0F}"
EndProject
Project("{8BC9CEB8-8B4A-11D0-8D11-00A0C91BC942}") = "SpiraTestCompletePlugInPS", "SpiraTestCompletePlugIn\SpiraTestCompletePlugInPS.vcproj", "{48BF117D-911D-48E3-B2A1-231FF1301244}"
	ProjectSection(ProjectDependencies) = postProject
		{193B617D-7044-4029-BF1F-4C84B9EFDA0F} = {193B617D-7044-4029-BF1F-4C84B9EFDA0F}
	EndProjectSection
EndProject
Global
	GlobalSection(SolutionConfigurationPlatforms) = preSolution
		Debug|Win32 = Debug|Win32
		Release|Win32 = Release|Win32
	EndGlobalSection
	GlobalSection(ProjectConfigurationPlatforms) = postSolution
		{193B617D-7044-4029-BF1F-4C84B9EFDA0F}.Debug|Win32.ActiveCfg = Debug|Win32
		{193B617D-7044-4029-BF1F-4C84B9EFDA0F}.Debug|Win32.Build.0 = Debug|Win32
		{193B617D-7044-4029-BF1F-4C84B9EFDA0F}.Release|Win32.ActiveCfg = Release|Win32
		{193B617D-7044-4029-BF1F-4C84B9EFDA0F}.Release|Win32.Build.0 = Release|Win32
		{48BF117D-911D-48E3-B2A1-231FF1301244}.Debug|Win32.ActiveCfg = Debug|Win32
		{48BF117D-911D-48E3-B2A1-231FF1301244}.Release|Win32.ActiveCfg = Release|Win32
	EndGlobalSection
	GlobalSection(SolutionProperties) = preSolution
		HideSolutionNode = FALSE
	EndGlobalSection
	GlobalSection(ExtensibilityGlobals) = postSolution
		VisualSVNWorkingCopyRoot = 
	EndGlobalSection
EndGlobal
