Microsoft Visual Studio Solution File, Format Version 8.00
Project("{8BC9CEB8-8B4A-11D0-8D11-00A0C91BC942}") = "SimpleProgramObject", "SimpleProgramObject.vcproj", "{D05031EB-21B6-445D-BBE6-3BCFAC67C35D}"
	ProjectSection(ProjectDependencies) = postProject
	EndProjectSection
EndProject
Global
	GlobalSection(DPCodeReviewSolutionGUID) = preSolution
		DPCodeReviewSolutionGUID = {00000000-0000-0000-0000-000000000000}
	EndGlobalSection
	GlobalSection(SolutionConfiguration) = preSolution
		Debug = Debug
		Release = Release
	EndGlobalSection
	GlobalSection(ProjectConfiguration) = postSolution
		{D05031EB-21B6-445D-BBE6-3BCFAC67C35D}.Debug.ActiveCfg = Debug|Win32
		{D05031EB-21B6-445D-BBE6-3BCFAC67C35D}.Debug.Build.0 = Debug|Win32
		{D05031EB-21B6-445D-BBE6-3BCFAC67C35D}.Release.ActiveCfg = Release|Win32
		{D05031EB-21B6-445D-BBE6-3BCFAC67C35D}.Release.Build.0 = Release|Win32
	EndGlobalSection
	GlobalSection(ExtensibilityGlobals) = postSolution
	EndGlobalSection
	GlobalSection(ExtensibilityAddIns) = postSolution
	EndGlobalSection
EndGlobal
