Microsoft Visual Studio Solution File, Format Version 8.00
Project("{8BC9CEB8-8B4A-11D0-8D11-00A0C91BC942}") = "MyPlugInProject", "MyPlugInProject.vcproj", "{BD1F4401-62C3-46E4-8EEB-19B97797202F}"
	ProjectSection(ProjectDependencies) = postProject
	EndProjectSection
EndProject
Global
	GlobalSection(SolutionConfiguration) = preSolution
		Debug = Debug
		Debug Unicode = Debug Unicode
		Release = Release
		Release Unicode = Release Unicode
	EndGlobalSection
	GlobalSection(ProjectConfiguration) = postSolution
		{BD1F4401-62C3-46E4-8EEB-19B97797202F}.Debug.ActiveCfg = Debug|Win32
		{BD1F4401-62C3-46E4-8EEB-19B97797202F}.Debug.Build.0 = Debug|Win32
		{BD1F4401-62C3-46E4-8EEB-19B97797202F}.Debug Unicode.ActiveCfg = Debug Unicode|Win32
		{BD1F4401-62C3-46E4-8EEB-19B97797202F}.Debug Unicode.Build.0 = Debug Unicode|Win32
		{BD1F4401-62C3-46E4-8EEB-19B97797202F}.Release.ActiveCfg = Release|Win32
		{BD1F4401-62C3-46E4-8EEB-19B97797202F}.Release.Build.0 = Release|Win32
		{BD1F4401-62C3-46E4-8EEB-19B97797202F}.Release Unicode.ActiveCfg = Release Unicode|Win32
		{BD1F4401-62C3-46E4-8EEB-19B97797202F}.Release Unicode.Build.0 = Release Unicode|Win32
	EndGlobalSection
	GlobalSection(ExtensibilityGlobals) = postSolution
	EndGlobalSection
	GlobalSection(ExtensibilityAddIns) = postSolution
	EndGlobalSection
EndGlobal
